schema: '2.0'
stages:
  validate:
    cmd: python scripts/validate_env.py --report artifacts/validation_report.txt
    deps:
    - path: configs/settings.py
      hash: md5
      md5: 6c60d51f38bf131ace289adc1c204eea
      size: 1327
    - path: data/raw
      hash: md5
      md5: ff7791951628c1dfee8c8036fa7c25ca.dir
      size: 3294793
      nfiles: 4
    - path: scripts/validate_env.py
      hash: md5
      md5: 7eac0910184c3e2930002b0e8f553c13
      size: 3048
    outs:
    - path: artifacts/validation_report.txt
      hash: md5
      md5: a67c6cb98f0c618fbf0ab446006707a0
      size: 458
  train:
    cmd: python scripts/train.py --params params.yaml --output-dir artifacts
    deps:
    - path: artifacts/validation_report.txt
      hash: md5
      md5: a67c6cb98f0c618fbf0ab446006707a0
      size: 458
    - path: configs
      hash: md5
      md5: 7259d5f6fd1009679d86718e43ca4fab.dir
      size: 1451
      nfiles: 2
    - path: data/raw
      hash: md5
      md5: ff7791951628c1dfee8c8036fa7c25ca.dir
      size: 3294793
      nfiles: 4
    - path: scripts/train.py
      hash: md5
      md5: a17260ffcedb1e9adbeb7b3279885b24
      size: 2159
    - path: src
      hash: md5
      md5: a9abb4aa885d751f1941efc1c380431a.dir
      size: 66214
      nfiles: 23
    params:
      params.yaml:
        evaluation:
          top_k: 10
        training:
          embedding_dim: 16
          hidden_dims:
          - 32
          learning_rate: 0.001
          weight_decay: 1e-05
          ranking_weight: 2.0
          relevance_threshold: 4.0
          batch_size: 2048
          epochs: 30
          early_stopping_patience: 3
          early_stopping_min_delta: 0.001
          random_state: 42
          device: cpu
    outs:
    - path: artifacts/config.json
      hash: md5
      md5: 35730b77a5a1eb2939f1452fd0562f47
      size: 310
    - path: artifacts/metrics.json
      hash: md5
      md5: 9c38302064e527fd4b1a5bab1c360fc9
      size: 546
    - path: artifacts/model.pt
      hash: md5
      md5: dce1d310900bb97ba776137c62e7c3da
      size: 1642045
    - path: artifacts/selection_history.json
      hash: md5
      md5: 1805cc41de7b9df9fdf99374e7fafa39
      size: 379
